
Microsoft Visual Studio Solution File, Format Version 12.00
# Visual Studio Version 16
VisualStudioVersion = 16.0.29519.87
MinimumVisualStudioVersion = 10.0.40219.1
Project("{FAE04EC0-301F-11D3-BF4B-00C04F79EFBC}") = "TalkingNotepad", "TalkingNotepad.csproj", "{56F1462D-4648-4D13-B852-21F35229DA1C}"
EndProject
Global
	GlobalSection(SolutionConfigurationPlatforms) = preSolution
		Debug|Any CPU = Debug|Any CPU
		Release|Any CPU = Release|Any CPU
	EndGlobalSection
	GlobalSection(ProjectConfigurationPlatforms) = postSolution
		{56F1462D-4648-4D13-B852-21F35229DA1C}.Debug|Any CPU.ActiveCfg = Debug|Any CPU
		{56F1462D-4648-4D13-B852-21F35229DA1C}.Debug|Any CPU.Build.0 = Debug|Any CPU
		{56F1462D-4648-4D13-B852-21F35229DA1C}.Release|Any CPU.ActiveCfg = Release|Any CPU
		{56F1462D-4648-4D13-B852-21F35229DA1C}.Release|Any CPU.Build.0 = Release|Any CPU
	EndGlobalSection
	GlobalSection(SolutionProperties) = preSolution
		HideSolutionNode = FALSE
	EndGlobalSection
	GlobalSection(ExtensibilityGlobals) = postSolution
		SolutionGuid = {749F16E7-AAB0-46F1-B226-55376E4A38A2}
	EndGlobalSection
EndGlobal
